
Microsoft Visual Studio Solution File, Format Version 12.00
# Visual Studio Version 16
VisualStudioVersion = 16.0.30907.101
MinimumVisualStudioVersion = 10.0.40219.1
Project("{FAE04EC0-301F-11D3-BF4B-00C04F79EFBC}") = "EventBot", "EventBot\EventBot.csproj", "{448295D5-7B7C-4BF5-904A-9494D3FC053F}"
EndProject
Global
	GlobalSection(SolutionConfigurationPlatforms) = preSolution
		Debug|Any CPU = Debug|Any CPU
		Release|Any CPU = Release|Any CPU
	EndGlobalSection
	GlobalSection(ProjectConfigurationPlatforms) = postSolution
		{448295D5-7B7C-4BF5-904A-9494D3FC053F}.Debug|Any CPU.ActiveCfg = Debug|Any CPU
		{448295D5-7B7C-4BF5-904A-9494D3FC053F}.Debug|Any CPU.Build.0 = Debug|Any CPU
		{448295D5-7B7C-4BF5-904A-9494D3FC053F}.Release|Any CPU.ActiveCfg = Release|Any CPU
		{448295D5-7B7C-4BF5-904A-9494D3FC053F}.Release|Any CPU.Build.0 = Release|Any CPU
	EndGlobalSection
	GlobalSection(SolutionProperties) = preSolution
		HideSolutionNode = FALSE
	EndGlobalSection
	GlobalSection(ExtensibilityGlobals) = postSolution
		SolutionGuid = {768CF45A-644E-42A9-8C20-DB0115DAA391}
	EndGlobalSection
EndGlobal
